// !$*UTF8*$!
{
	archiveVersion = 1;
	classes = {
	};
	objectVersion = 46;
	objects = {

/* Begin PBXBuildFile section */
		789097F31E97F74C0032246F /* AppDelegate.swift in Sources */ = {isa = PBXBuildFile; fileRef = 789097F21E97F74C0032246F /* AppDelegate.swift */; };
		789097F81E97F74C0032246F /* Main.storyboard in Resources */ = {isa = PBXBuildFile; fileRef = 789097F61E97F74C0032246F /* Main.storyboard */; };
		789097FA1E97F74C0032246F /* Assets.xcassets in Resources */ = {isa = PBXBuildFile; fileRef = 789097F91E97F74C0032246F /* Assets.xcassets */; };
		789097FD1E97F74C0032246F /* LaunchScreen.storyboard in Resources */ = {isa = PBXBuildFile; fileRef = 789097FB1E97F74C0032246F /* LaunchScreen.storyboard */; };
		789098081E97F74C0032246F /* SPNewsAppTests.swift in Sources */ = {isa = PBXBuildFile; fileRef = 789098071E97F74C0032246F /* SPNewsAppTests.swift */; };
		789098131E97F74C0032246F /* SPNewsAppUITests.swift in Sources */ = {isa = PBXBuildFile; fileRef = 789098121E97F74C0032246F /* SPNewsAppUITests.swift */; };
		789098211E97F9560032246F /* ServerManager.swift in Sources */ = {isa = PBXBuildFile; fileRef = 789098201E97F9560032246F /* ServerManager.swift */; };
		789098251E97F9E40032246F /* SourceCell.swift in Sources */ = {isa = PBXBuildFile; fileRef = 789098241E97F9E40032246F /* SourceCell.swift */; };
		789098271E97FAB40032246F /* SourceViewController.swift in Sources */ = {isa = PBXBuildFile; fileRef = 789098261E97FAB40032246F /* SourceViewController.swift */; };
		789098681E981FFD0032246F /* SDWebImage.framework in Frameworks */ = {isa = PBXBuildFile; fileRef = 789098671E981FFD0032246F /* SDWebImage.framework */; };
		789098691E9820090032246F /* SDWebImage.framework in Frameworks */ = {isa = PBXBuildFile; fileRef = 789098671E981FFD0032246F /* SDWebImage.framework */; };
		7890986A1E9820090032246F /* SDWebImage.framework in Embed Frameworks */ = {isa = PBXBuildFile; fileRef = 789098671E981FFD0032246F /* SDWebImage.framework */; settings = {ATTRIBUTES = (CodeSignOnCopy, RemoveHeadersOnCopy, ); }; };
		7890986F1E9837180032246F /* MenuManager.swift in Sources */ = {isa = PBXBuildFile; fileRef = 7890986E1E9837180032246F /* MenuManager.swift */; };
		789098711E983B860032246F /* CategoryCell.xib in Resources */ = {isa = PBXBuildFile; fileRef = 789098701E983B860032246F /* CategoryCell.xib */; };
		789098771E98DBF20032246F /* ArticleViewController.swift in Sources */ = {isa = PBXBuildFile; fileRef = 789098761E98DBF20032246F /* ArticleViewController.swift */; };
		789098791E98DE240032246F /* Article.swift in Sources */ = {isa = PBXBuildFile; fileRef = 789098781E98DE240032246F /* Article.swift */; };
		7890987B1E98DE2C0032246F /* Source.swift in Sources */ = {isa = PBXBuildFile; fileRef = 7890987A1E98DE2C0032246F /* Source.swift */; };
		7890987D1E98E76D0032246F /* ArticleViewCell.swift in Sources */ = {isa = PBXBuildFile; fileRef = 7890987C1E98E76D0032246F /* ArticleViewCell.swift */; };
		789098801E99078E0032246F /* WebKit.framework in Frameworks */ = {isa = PBXBuildFile; fileRef = 7890987F1E99078E0032246F /* WebKit.framework */; };
		789098811E9907910032246F /* WebKit.framework in Frameworks */ = {isa = PBXBuildFile; fileRef = 7890987F1E99078E0032246F /* WebKit.framework */; };
		789098821E9907910032246F /* WebKit.framework in Embed Frameworks */ = {isa = PBXBuildFile; fileRef = 7890987F1E99078E0032246F /* WebKit.framework */; settings = {ATTRIBUTES = (CodeSignOnCopy, RemoveHeadersOnCopy, ); }; };
		789098841E9907AC0032246F /* WebViewController.swift in Sources */ = {isa = PBXBuildFile; fileRef = 789098831E9907AC0032246F /* WebViewController.swift */; };
		789098861E993FFD0032246F /* Reachability.framework in Frameworks */ = {isa = PBXBuildFile; fileRef = 789098851E993FFD0032246F /* Reachability.framework */; };
		789098871E9940020032246F /* Reachability.framework in Frameworks */ = {isa = PBXBuildFile; fileRef = 789098851E993FFD0032246F /* Reachability.framework */; };
		789098881E9940020032246F /* Reachability.framework in Embed Frameworks */ = {isa = PBXBuildFile; fileRef = 789098851E993FFD0032246F /* Reachability.framework */; settings = {ATTRIBUTES = (CodeSignOnCopy, RemoveHeadersOnCopy, ); }; };
		7890988A1E994A4D0032246F /* CategoryViewCell.swift in Sources */ = {isa = PBXBuildFile; fileRef = 789098891E994A4D0032246F /* CategoryViewCell.swift */; };
/* End PBXBuildFile section */

/* Begin PBXContainerItemProxy section */
		789098041E97F74C0032246F /* PBXContainerItemProxy */ = {
			isa = PBXContainerItemProxy;
			containerPortal = 789097E71E97F74C0032246F /* Project object */;
			proxyType = 1;
			remoteGlobalIDString = 789097EE1E97F74C0032246F;
			remoteInfo = SPNewsApp;
		};
		7890980F1E97F74C0032246F /* PBXContainerItemProxy */ = {
			isa = PBXContainerItemProxy;
			containerPortal = 789097E71E97F74C0032246F /* Project object */;
			proxyType = 1;
			remoteGlobalIDString = 789097EE1E97F74C0032246F;
			remoteInfo = SPNewsApp;
		};
/* End PBXContainerItemProxy section */

/* Begin PBXCopyFilesBuildPhase section */
		7890986B1E9820090032246F /* Embed Frameworks */ = {
			isa = PBXCopyFilesBuildPhase;
			buildActionMask = 2147483647;
			dstPath = "";
			dstSubfolderSpec = 10;
			files = (
				789098821E9907910032246F /* WebKit.framework in Embed Frameworks */,
				789098881E9940020032246F /* Reachability.framework in Embed Frameworks */,
				7890986A1E9820090032246F /* SDWebImage.framework in Embed Frameworks */,
			);
			name = "Embed Frameworks";
			runOnlyForDeploymentPostprocessing = 0;
		};
/* End PBXCopyFilesBuildPhase section */

/* Begin PBXFileReference section */
		789097EF1E97F74C0032246F /* SPNewsApp.app */ = {isa = PBXFileReference; explicitFileType = wrapper.application; includeInIndex = 0; path = SPNewsApp.app; sourceTree = BUILT_PRODUCTS_DIR; };
		789097F21E97F74C0032246F /* AppDelegate.swift */ = {isa = PBXFileReference; lastKnownFileType = sourcecode.swift; path = AppDelegate.swift; sourceTree = "<group>"; };
		789097F71E97F74C0032246F /* Base */ = {isa = PBXFileReference; lastKnownFileType = file.storyboard; name = Base; path = Base.lproj/Main.storyboard; sourceTree = "<group>"; };
		789097F91E97F74C0032246F /* Assets.xcassets */ = {isa = PBXFileReference; lastKnownFileType = folder.assetcatalog; path = Assets.xcassets; sourceTree = "<group>"; };
		789097FC1E97F74C0032246F /* Base */ = {isa = PBXFileReference; lastKnownFileType = file.storyboard; name = Base; path = Base.lproj/LaunchScreen.storyboard; sourceTree = "<group>"; };
		789097FE1E97F74C0032246F /* Info.plist */ = {isa = PBXFileReference; lastKnownFileType = text.plist.xml; path = Info.plist; sourceTree = "<group>"; };
		789098031E97F74C0032246F /* SPNewsAppTests.xctest */ = {isa = PBXFileReference; explicitFileType = wrapper.cfbundle; includeInIndex = 0; path = SPNewsAppTests.xctest; sourceTree = BUILT_PRODUCTS_DIR; };
		789098071E97F74C0032246F /* SPNewsAppTests.swift */ = {isa = PBXFileReference; lastKnownFileType = sourcecode.swift; path = SPNewsAppTests.swift; sourceTree = "<group>"; };
		789098091E97F74C0032246F /* Info.plist */ = {isa = PBXFileReference; lastKnownFileType = text.plist.xml; path = Info.plist; sourceTree = "<group>"; };
		7890980E1E97F74C0032246F /* SPNewsAppUITests.xctest */ = {isa = PBXFileReference; explicitFileType = wrapper.cfbundle; includeInIndex = 0; path = SPNewsAppUITests.xctest; sourceTree = BUILT_PRODUCTS_DIR; };
		789098121E97F74C0032246F /* SPNewsAppUITests.swift */ = {isa = PBXFileReference; lastKnownFileType = sourcecode.swift; path = SPNewsAppUITests.swift; sourceTree = "<group>"; };
		789098141E97F74C0032246F /* Info.plist */ = {isa = PBXFileReference; lastKnownFileType = text.plist.xml; path = Info.plist; sourceTree = "<group>"; };
		789098201E97F9560032246F /* ServerManager.swift */ = {isa = PBXFileReference; fileEncoding = 4; lastKnownFileType = sourcecode.swift; path = ServerManager.swift; sourceTree = "<group>"; };
		789098241E97F9E40032246F /* SourceCell.swift */ = {isa = PBXFileReference; fileEncoding = 4; lastKnownFileType = sourcecode.swift; path = SourceCell.swift; sourceTree = "<group>"; };
		789098261E97FAB40032246F /* SourceViewController.swift */ = {isa = PBXFileReference; fileEncoding = 4; lastKnownFileType = sourcecode.swift; path = SourceViewController.swift; sourceTree = "<group>"; };
		789098671E981FFD0032246F /* SDWebImage.framework */ = {isa = PBXFileReference; lastKnownFileType = wrapper.framework; name = SDWebImage.framework; path = Carthage/Build/iOS/SDWebImage.framework; sourceTree = "<group>"; };
		7890986E1E9837180032246F /* MenuManager.swift */ = {isa = PBXFileReference; fileEncoding = 4; lastKnownFileType = sourcecode.swift; path = MenuManager.swift; sourceTree = "<group>"; };
		789098701E983B860032246F /* CategoryCell.xib */ = {isa = PBXFileReference; fileEncoding = 4; lastKnownFileType = file.xib; path = CategoryCell.xib; sourceTree = "<group>"; };
		789098761E98DBF20032246F /* ArticleViewController.swift */ = {isa = PBXFileReference; fileEncoding = 4; lastKnownFileType = sourcecode.swift; name = ArticleViewController.swift; path = ../ArticleViewController.swift; sourceTree = "<group>"; };
		789098781E98DE240032246F /* Article.swift */ = {isa = PBXFileReference; fileEncoding = 4; lastKnownFileType = sourcecode.swift; path = Article.swift; sourceTree = "<group>"; };
		7890987A1E98DE2C0032246F /* Source.swift */ = {isa = PBXFileReference; fileEncoding = 4; lastKnownFileType = sourcecode.swift; path = Source.swift; sourceTree = "<group>"; };
		7890987C1E98E76D0032246F /* ArticleViewCell.swift */ = {isa = PBXFileReference; fileEncoding = 4; lastKnownFileType = sourcecode.swift; path = ArticleViewCell.swift; sourceTree = "<group>"; };
		7890987F1E99078E0032246F /* WebKit.framework */ = {isa = PBXFileReference; lastKnownFileType = wrapper.framework; name = WebKit.framework; path = System/Library/Frameworks/WebKit.framework; sourceTree = SDKROOT; };
		789098831E9907AC0032246F /* WebViewController.swift */ = {isa = PBXFileReference; fileEncoding = 4; lastKnownFileType = sourcecode.swift; path = WebViewController.swift; sourceTree = "<group>"; };
		789098851E993FFD0032246F /* Reachability.framework */ = {isa = PBXFileReference; lastKnownFileType = wrapper.framework; name = Reachability.framework; path = Carthage/Build/iOS/Reachability.framework; sourceTree = "<group>"; };
		789098891E994A4D0032246F /* CategoryViewCell.swift */ = {isa = PBXFileReference; fileEncoding = 4; lastKnownFileType = sourcecode.swift; path = CategoryViewCell.swift; sourceTree = "<group>"; };
/* End PBXFileReference section */

/* Begin PBXFrameworksBuildPhase section */
		789097EC1E97F74C0032246F /* Frameworks */ = {
			isa = PBXFrameworksBuildPhase;
			buildActionMask = 2147483647;
			files = (
				789098801E99078E0032246F /* WebKit.framework in Frameworks */,
				789098871E9940020032246F /* Reachability.framework in Frameworks */,
				789098691E9820090032246F /* SDWebImage.framework in Frameworks */,
				789098861E993FFD0032246F /* Reachability.framework in Frameworks */,
				789098811E9907910032246F /* WebKit.framework in Frameworks */,
				789098681E981FFD0032246F /* SDWebImage.framework in Frameworks */,
			);
			runOnlyForDeploymentPostprocessing = 0;
		};
		789098001E97F74C0032246F /* Frameworks */ = {
			isa = PBXFrameworksBuildPhase;
			buildActionMask = 2147483647;
			files = (
			);
			runOnlyForDeploymentPostprocessing = 0;
		};
		7890980B1E97F74C0032246F /* Frameworks */ = {
			isa = PBXFrameworksBuildPhase;
			buildActionMask = 2147483647;
			files = (
			);
			runOnlyForDeploymentPostprocessing = 0;
		};
/* End PBXFrameworksBuildPhase section */

/* Begin PBXGroup section */
		789097E61E97F74C0032246F = {
			isa = PBXGroup;
			children = (
				789097F11E97F74C0032246F /* SPNewsApp */,
				789098061E97F74C0032246F /* SPNewsAppTests */,
				789098111E97F74C0032246F /* SPNewsAppUITests */,
				789097F01E97F74C0032246F /* Products */,
				7890987E1E99078E0032246F /* Frameworks */,
			);
			sourceTree = "<group>";
		};
		789097F01E97F74C0032246F /* Products */ = {
			isa = PBXGroup;
			children = (
				789097EF1E97F74C0032246F /* SPNewsApp.app */,
				789098031E97F74C0032246F /* SPNewsAppTests.xctest */,
				7890980E1E97F74C0032246F /* SPNewsAppUITests.xctest */,
			);
			name = Products;
			sourceTree = "<group>";
		};
		789097F11E97F74C0032246F /* SPNewsApp */ = {
			isa = PBXGroup;
			children = (
				789097F21E97F74C0032246F /* AppDelegate.swift */,
				789098761E98DBF20032246F /* ArticleViewController.swift */,
				789098261E97FAB40032246F /* SourceViewController.swift */,
				789098781E98DE240032246F /* Article.swift */,
				7890987A1E98DE2C0032246F /* Source.swift */,
				789098241E97F9E40032246F /* SourceCell.swift */,
				789098201E97F9560032246F /* ServerManager.swift */,
				789098891E994A4D0032246F /* CategoryViewCell.swift */,
				7890986E1E9837180032246F /* MenuManager.swift */,
				7890987C1E98E76D0032246F /* ArticleViewCell.swift */,
				789098831E9907AC0032246F /* WebViewController.swift */,
				789098701E983B860032246F /* CategoryCell.xib */,
				789097F61E97F74C0032246F /* Main.storyboard */,
				789097F91E97F74C0032246F /* Assets.xcassets */,
				789097FB1E97F74C0032246F /* LaunchScreen.storyboard */,
				789097FE1E97F74C0032246F /* Info.plist */,
			);
			path = SPNewsApp;
			sourceTree = "<group>";
		};
		789098061E97F74C0032246F /* SPNewsAppTests */ = {
			isa = PBXGroup;
			children = (
				789098071E97F74C0032246F /* SPNewsAppTests.swift */,
				789098091E97F74C0032246F /* Info.plist */,
			);
			path = SPNewsAppTests;
			sourceTree = "<group>";
		};
		789098111E97F74C0032246F /* SPNewsAppUITests */ = {
			isa = PBXGroup;
			children = (
				789098121E97F74C0032246F /* SPNewsAppUITests.swift */,
				789098141E97F74C0032246F /* Info.plist */,
			);
			path = SPNewsAppUITests;
			sourceTree = "<group>";
		};
		7890987E1E99078E0032246F /* Frameworks */ = {
			isa = PBXGroup;
			children = (
				789098851E993FFD0032246F /* Reachability.framework */,
				789098671E981FFD0032246F /* SDWebImage.framework */,
				7890987F1E99078E0032246F /* WebKit.framework */,
			);
			name = Frameworks;
			sourceTree = "<group>";
		};
/* End PBXGroup section */

/* Begin PBXNativeTarget section */
		789097EE1E97F74C0032246F /* SPNewsApp */ = {
			isa = PBXNativeTarget;
			buildConfigurationList = 789098171E97F74C0032246F /* Build configuration list for PBXNativeTarget "SPNewsApp" */;
			buildPhases = (
				789097EB1E97F74C0032246F /* Sources */,
				789097EC1E97F74C0032246F /* Frameworks */,
				789097ED1E97F74C0032246F /* Resources */,
				7890986B1E9820090032246F /* Embed Frameworks */,
			);
			buildRules = (
			);
			dependencies = (
			);
			name = SPNewsApp;
			productName = SPNewsApp;
			productReference = 789097EF1E97F74C0032246F /* SPNewsApp.app */;
			productType = "com.apple.product-type.application";
		};
		789098021E97F74C0032246F /* SPNewsAppTests */ = {
			isa = PBXNativeTarget;
			buildConfigurationList = 7890981A1E97F74C0032246F /* Build configuration list for PBXNativeTarget "SPNewsAppTests" */;
			buildPhases = (
				789097FF1E97F74C0032246F /* Sources */,
				789098001E97F74C0032246F /* Frameworks */,
				789098011E97F74C0032246F /* Resources */,
			);
			buildRules = (
			);
			dependencies = (
				789098051E97F74C0032246F /* PBXTargetDependency */,
			);
			name = SPNewsAppTests;
			productName = SPNewsAppTests;
			productReference = 789098031E97F74C0032246F /* SPNewsAppTests.xctest */;
			productType = "com.apple.product-type.bundle.unit-test";
		};
		7890980D1E97F74C0032246F /* SPNewsAppUITests */ = {
			isa = PBXNativeTarget;
			buildConfigurationList = 7890981D1E97F74C0032246F /* Build configuration list for PBXNativeTarget "SPNewsAppUITests" */;
			buildPhases = (
				7890980A1E97F74C0032246F /* Sources */,
				7890980B1E97F74C0032246F /* Frameworks */,
				7890980C1E97F74C0032246F /* Resources */,
			);
			buildRules = (
			);
			dependencies = (
				789098101E97F74C0032246F /* PBXTargetDependency */,
			);
			name = SPNewsAppUITests;
			productName = SPNewsAppUITests;
			productReference = 7890980E1E97F74C0032246F /* SPNewsAppUITests.xctest */;
			productType = "com.apple.product-type.bundle.ui-testing";
		};
/* End PBXNativeTarget section */

/* Begin PBXProject section */
		789097E71E97F74C0032246F /* Project object */ = {
			isa = PBXProject;
			attributes = {
				LastSwiftUpdateCheck = 0820;
				LastUpgradeCheck = 0820;
				ORGANIZATIONNAME = "Stepan Paholyk";
				TargetAttributes = {
					789097EE1E97F74C0032246F = {
						CreatedOnToolsVersion = 8.2.1;
						DevelopmentTeam = ZW9JWEU2NM;
						ProvisioningStyle = Automatic;
					};
					789098021E97F74C0032246F = {
						CreatedOnToolsVersion = 8.2.1;
						DevelopmentTeam = ZW9JWEU2NM;
						ProvisioningStyle = Automatic;
						TestTargetID = 789097EE1E97F74C0032246F;
					};
					7890980D1E97F74C0032246F = {
						CreatedOnToolsVersion = 8.2.1;
						DevelopmentTeam = ZW9JWEU2NM;
						ProvisioningStyle = Automatic;
						TestTargetID = 789097EE1E97F74C0032246F;
					};
				};
			};
			buildConfigurationList = 789097EA1E97F74C0032246F /* Build configuration list for PBXProject "SPNewsApp" */;
			compatibilityVersion = "Xcode 3.2";
			developmentRegion = English;
			hasScannedForEncodings = 0;
			knownRegions = (
				en,
				Base,
			);
			mainGroup = 789097E61E97F74C0032246F;
			productRefGroup = 789097F01E97F74C0032246F /* Products */;
			projectDirPath = "";
			projectRoot = "";
			targets = (
				789097EE1E97F74C0032246F /* SPNewsApp */,
				789098021E97F74C0032246F /* SPNewsAppTests */,
				7890980D1E97F74C0032246F /* SPNewsAppUITests */,
			);
		};
/* End PBXProject section */

/* Begin PBXResourcesBuildPhase section */
		789097ED1E97F74C0032246F /* Resources */ = {
			isa = PBXResourcesBuildPhase;
			buildActionMask = 2147483647;
			files = (
				789097FD1E97F74C0032246F /* LaunchScreen.storyboard in Resources */,
				789097FA1E97F74C0032246F /* Assets.xcassets in Resources */,
				789097F81E97F74C0032246F /* Main.storyboard in Resources */,
				789098711E983B860032246F /* CategoryCell.xib in Resources */,
			);
			runOnlyForDeploymentPostprocessing = 0;
		};
		789098011E97F74C0032246F /* Resources */ = {
			isa = PBXResourcesBuildPhase;
			buildActionMask = 2147483647;
			files = (
			);
			runOnlyForDeploymentPostprocessing = 0;
		};
		7890980C1E97F74C0032246F /* Resources */ = {
			isa = PBXResourcesBuildPhase;
			buildActionMask = 2147483647;
			files = (
			);
			runOnlyForDeploymentPostprocessing = 0;
		};
/* End PBXResourcesBuildPhase section */

/* Begin PBXSourcesBuildPhase section */
		789097EB1E97F74C0032246F /* Sources */ = {
			isa = PBXSourcesBuildPhase;
			buildActionMask = 2147483647;
			files = (
				7890988A1E994A4D0032246F /* CategoryViewCell.swift in Sources */,
				7890986F1E9837180032246F /* MenuManager.swift in Sources */,
				789098841E9907AC0032246F /* WebViewController.swift in Sources */,
				7890987D1E98E76D0032246F /* ArticleViewCell.swift in Sources */,
				789098251E97F9E40032246F /* SourceCell.swift in Sources */,
				789098771E98DBF20032246F /* ArticleViewController.swift in Sources */,
				789098271E97FAB40032246F /* SourceViewController.swift in Sources */,
				789098791E98DE240032246F /* Article.swift in Sources */,
				7890987B1E98DE2C0032246F /* Source.swift in Sources */,
				789098211E97F9560032246F /* ServerManager.swift in Sources */,
				789097F31E97F74C0032246F /* AppDelegate.swift in Sources */,
			);
			runOnlyForDeploymentPostprocessing = 0;
		};
		789097FF1E97F74C0032246F /* Sources */ = {
			isa = PBXSourcesBuildPhase;
			buildActionMask = 2147483647;
			files = (
				789098081E97F74C0032246F /* SPNewsAppTests.swift in Sources */,
			);
			runOnlyForDeploymentPostprocessing = 0;
		};
		7890980A1E97F74C0032246F /* Sources */ = {
			isa = PBXSourcesBuildPhase;
			buildActionMask = 2147483647;
			files = (
				789098131E97F74C0032246F /* SPNewsAppUITests.swift in Sources */,
			);
			runOnlyForDeploymentPostprocessing = 0;
		};
/* End PBXSourcesBuildPhase section */

/* Begin PBXTargetDependency section */
		789098051E97F74C0032246F /* PBXTargetDependency */ = {
			isa = PBXTargetDependency;
			target = 789097EE1E97F74C0032246F /* SPNewsApp */;
			targetProxy = 789098041E97F74C0032246F /* PBXContainerItemProxy */;
		};
		789098101E97F74C0032246F /* PBXTargetDependency */ = {
			isa = PBXTargetDependency;
			target = 789097EE1E97F74C0032246F /* SPNewsApp */;
			targetProxy = 7890980F1E97F74C0032246F /* PBXContainerItemProxy */;
		};
/* End PBXTargetDependency section */

/* Begin PBXVariantGroup section */
		789097F61E97F74C0032246F /* Main.storyboard */ = {
			isa = PBXVariantGroup;
			children = (
				789097F71E97F74C0032246F /* Base */,
			);
			name = Main.storyboard;
			sourceTree = "<group>";
		};
		789097FB1E97F74C0032246F /* LaunchScreen.storyboard */ = {
			isa = PBXVariantGroup;
			children = (
				789097FC1E97F74C0032246F /* Base */,
			);
			name = LaunchScreen.storyboard;
			sourceTree = "<group>";
		};
/* End PBXVariantGroup section */

/* Begin XCBuildConfiguration section */
		789098151E97F74C0032246F /* Debug */ = {
			isa = XCBuildConfiguration;
			buildSettings = {
				ALWAYS_SEARCH_USER_PATHS = NO;
				CLANG_ANALYZER_NONNULL = YES;
				CLANG_CXX_LANGUAGE_STANDARD = "gnu++0x";
				CLANG_CXX_LIBRARY = "libc++";
				CLANG_ENABLE_MODULES = YES;
				CLANG_ENABLE_OBJC_ARC = YES;
				CLANG_WARN_BOOL_CONVERSION = YES;
				CLANG_WARN_CONSTANT_CONVERSION = YES;
				CLANG_WARN_DIRECT_OBJC_ISA_USAGE = YES_ERROR;
				CLANG_WARN_DOCUMENTATION_COMMENTS = YES;
				CLANG_WARN_EMPTY_BODY = YES;
				CLANG_WARN_ENUM_CONVERSION = YES;
				CLANG_WARN_INFINITE_RECURSION = YES;
				CLANG_WARN_INT_CONVERSION = YES;
				CLANG_WARN_OBJC_ROOT_CLASS = YES_ERROR;
				CLANG_WARN_SUSPICIOUS_MOVE = YES;
				CLANG_WARN_UNREACHABLE_CODE = YES;
				CLANG_WARN__DUPLICATE_METHOD_MATCH = YES;
				"CODE_SIGN_IDENTITY[sdk=iphoneos*]" = "iPhone Developer";
				COPY_PHASE_STRIP = NO;
				DEBUG_INFORMATION_FORMAT = dwarf;
				ENABLE_STRICT_OBJC_MSGSEND = YES;
				ENABLE_TESTABILITY = YES;
				GCC_C_LANGUAGE_STANDARD = gnu99;
				GCC_DYNAMIC_NO_PIC = NO;
				GCC_NO_COMMON_BLOCKS = YES;
				GCC_OPTIMIZATION_LEVEL = 0;
				GCC_PREPROCESSOR_DEFINITIONS = (
					"DEBUG=1",
					"$(inherited)",
				);
				GCC_WARN_64_TO_32_BIT_CONVERSION = YES;
				GCC_WARN_ABOUT_RETURN_TYPE = YES_ERROR;
				GCC_WARN_UNDECLARED_SELECTOR = YES;
				GCC_WARN_UNINITIALIZED_AUTOS = YES_AGGRESSIVE;
				GCC_WARN_UNUSED_FUNCTION = YES;
				GCC_WARN_UNUSED_VARIABLE = YES;
				IPHONEOS_DEPLOYMENT_TARGET = 10.2;
				MTL_ENABLE_DEBUG_INFO = YES;
				ONLY_ACTIVE_ARCH = YES;
				SDKROOT = iphoneos;
				SWIFT_ACTIVE_COMPILATION_CONDITIONS = DEBUG;
				SWIFT_OPTIMIZATION_LEVEL = "-Onone";
			};
			name = Debug;
		};
		789098161E97F74C0032246F /* Release */ = {
			isa = XCBuildConfiguration;
			buildSettings = {
				ALWAYS_SEARCH_USER_PATHS = NO;
				CLANG_ANALYZER_NONNULL = YES;
				CLANG_CXX_LANGUAGE_STANDARD = "gnu++0x";
				CLANG_CXX_LIBRARY = "libc++";
				CLANG_ENABLE_MODULES = YES;
				CLANG_ENABLE_OBJC_ARC = YES;
				CLANG_WARN_BOOL_CONVERSION = YES;
				CLANG_WARN_CONSTANT_CONVERSION = YES;
				CLANG_WARN_DIRECT_OBJC_ISA_USAGE = YES_ERROR;
				CLANG_WARN_DOCUMENTATION_COMMENTS = YES;
				CLANG_WARN_EMPTY_BODY = YES;
				CLANG_WARN_ENUM_CONVERSION = YES;
				CLANG_WARN_INFINITE_RECURSION = YES;
				CLANG_WARN_INT_CONVERSION = YES;
				CLANG_WARN_OBJC_ROOT_CLASS = YES_ERROR;
				CLANG_WARN_SUSPICIOUS_MOVE = YES;
				CLANG_WARN_UNREACHABLE_CODE = YES;
				CLANG_WARN__DUPLICATE_METHOD_MATCH = YES;
				"CODE_SIGN_IDENTITY[sdk=iphoneos*]" = "iPhone Developer";
				COPY_PHASE_STRIP = NO;
				DEBUG_INFORMATION_FORMAT = "dwarf-with-dsym";
				ENABLE_NS_ASSERTIONS = NO;
				ENABLE_STRICT_OBJC_MSGSEND = YES;
				GCC_C_LANGUAGE_STANDARD = gnu99;
				GCC_NO_COMMON_BLOCKS = YES;
				GCC_WARN_64_TO_32_BIT_CONVERSION = YES;
				GCC_WARN_ABOUT_RETURN_TYPE = YES_ERROR;
				GCC_WARN_UNDECLARED_SELECTOR = YES;
				GCC_WARN_UNINITIALIZED_AUTOS = YES_AGGRESSIVE;
				GCC_WARN_UNUSED_FUNCTION = YES;
				GCC_WARN_UNUSED_VARIABLE = YES;
				IPHONEOS_DEPLOYMENT_TARGET = 10.2;
				MTL_ENABLE_DEBUG_INFO = NO;
				SDKROOT = iphoneos;
				SWIFT_OPTIMIZATION_LEVEL = "-Owholemodule";
				VALIDATE_PRODUCT = YES;
			};
			name = Release;
		};
		789098181E97F74C0032246F /* Debug */ = {
			isa = XCBuildConfiguration;
			buildSettings = {
				ASSETCATALOG_COMPILER_APPICON_NAME = AppIcon;
				DEVELOPMENT_TEAM = ZW9JWEU2NM;
				FRAMEWORK_SEARCH_PATHS = (
					"$(inherited)",
					"$(PROJECT_DIR)/Carthage/Build/iOS",
				);
				INFOPLIST_FILE = SPNewsApp/Info.plist;
				LD_RUNPATH_SEARCH_PATHS = "$(inherited) @executable_path/Frameworks";
				PRODUCT_BUNDLE_IDENTIFIER = SP.SPNewsApp;
				PRODUCT_NAME = "$(TARGET_NAME)";
				SWIFT_VERSION = 3.0;
			};
			name = Debug;
		};
		789098191E97F74C0032246F /* Release */ = {
			isa = XCBuildConfiguration;
			buildSettings = {
				ASSETCATALOG_COMPILER_APPICON_NAME = AppIcon;
				DEVELOPMENT_TEAM = ZW9JWEU2NM;
				FRAMEWORK_SEARCH_PATHS = (
					"$(inherited)",
					"$(PROJECT_DIR)/Carthage/Build/iOS",
				);
				INFOPLIST_FILE = SPNewsApp/Info.plist;
				LD_RUNPATH_SEARCH_PATHS = "$(inherited) @executable_path/Frameworks";
				PRODUCT_BUNDLE_IDENTIFIER = SP.SPNewsApp;
				PRODUCT_NAME = "$(TARGET_NAME)";
				SWIFT_VERSION = 3.0;
			};
			name = Release;
		};
		7890981B1E97F74C0032246F /* Debug */ = {
			isa = XCBuildConfiguration;
			buildSettings = {
				ALWAYS_EMBED_SWIFT_STANDARD_LIBRARIES = YES;
				BUNDLE_LOADER = "$(TEST_HOST)";
				DEVELOPMENT_TEAM = ZW9JWEU2NM;
				INFOPLIST_FILE = SPNewsAppTests/Info.plist;
				LD_RUNPATH_SEARCH_PATHS = "$(inherited) @executable_path/Frameworks @loader_path/Frameworks";
				PRODUCT_BUNDLE_IDENTIFIER = SP.SPNewsAppTests;
				PRODUCT_NAME = "$(TARGET_NAME)";
				SWIFT_VERSION = 3.0;
				TEST_HOST = "$(BUILT_PRODUCTS_DIR)/SPNewsApp.app/SPNewsApp";
			};
			name = Debug;
		};
		7890981C1E97F74C0032246F /* Release */ = {
			isa = XCBuildConfiguration;
			buildSettings = {
				ALWAYS_EMBED_SWIFT_STANDARD_LIBRARIES = YES;
				BUNDLE_LOADER = "$(TEST_HOST)";
				DEVELOPMENT_TEAM = ZW9JWEU2NM;
				INFOPLIST_FILE = SPNewsAppTests/Info.plist;
				LD_RUNPATH_SEARCH_PATHS = "$(inherited) @executable_path/Frameworks @loader_path/Frameworks";
				PRODUCT_BUNDLE_IDENTIFIER = SP.SPNewsAppTests;
				PRODUCT_NAME = "$(TARGET_NAME)";
				SWIFT_VERSION = 3.0;
				TEST_HOST = "$(BUILT_PRODUCTS_DIR)/SPNewsApp.app/SPNewsApp";
			};
			name = Release;
		};
		7890981E1E97F74C0032246F /* Debug */ = {
			isa = XCBuildConfiguration;
			buildSettings = {
				ALWAYS_EMBED_SWIFT_STANDARD_LIBRARIES = YES;
				DEVELOPMENT_TEAM = ZW9JWEU2NM;
				INFOPLIST_FILE = SPNewsAppUITests/Info.plist;
				LD_RUNPATH_SEARCH_PATHS = "$(inherited) @executable_path/Frameworks @loader_path/Frameworks";
				PRODUCT_BUNDLE_IDENTIFIER = SP.SPNewsAppUITests;
				PRODUCT_NAME = "$(TARGET_NAME)";
				SWIFT_VERSION = 3.0;
				TEST_TARGET_NAME = SPNewsApp;
			};
			name = Debug;
		};
		7890981F1E97F74C0032246F /* Release */ = {
			isa = XCBuildConfiguration;
			buildSettings = {
				ALWAYS_EMBED_SWIFT_STANDARD_LIBRARIES = YES;
				DEVELOPMENT_TEAM = ZW9JWEU2NM;
				INFOPLIST_FILE = SPNewsAppUITests/Info.plist;
				LD_RUNPATH_SEARCH_PATHS = "$(inherited) @executable_path/Frameworks @loader_path/Frameworks";
				PRODUCT_BUNDLE_IDENTIFIER = SP.SPNewsAppUITests;
				PRODUCT_NAME = "$(TARGET_NAME)";
				SWIFT_VERSION = 3.0;
				TEST_TARGET_NAME = SPNewsApp;
			};
			name = Release;
		};
/* End XCBuildConfiguration section */

/* Begin XCConfigurationList section */
		789097EA1E97F74C0032246F /* Build configuration list for PBXProject "SPNewsApp" */ = {
			isa = XCConfigurationList;
			buildConfigurations = (
				789098151E97F74C0032246F /* Debug */,
				789098161E97F74C0032246F /* Release */,
			);
			defaultConfigurationIsVisible = 0;
			defaultConfigurationName = Release;
		};
		789098171E97F74C0032246F /* Build configuration list for PBXNativeTarget "SPNewsApp" */ = {
			isa = XCConfigurationList;
			buildConfigurations = (
				789098181E97F74C0032246F /* Debug */,
				789098191E97F74C0032246F /* Release */,
			);
			defaultConfigurationIsVisible = 0;
			defaultConfigurationName = Release;
		};
		7890981A1E97F74C0032246F /* Build configuration list for PBXNativeTarget "SPNewsAppTests" */ = {
			isa = XCConfigurationList;
			buildConfigurations = (
				7890981B1E97F74C0032246F /* Debug */,
				7890981C1E97F74C0032246F /* Release */,
			);
			defaultConfigurationIsVisible = 0;
			defaultConfigurationName = Release;
		};
		7890981D1E97F74C0032246F /* Build configuration list for PBXNativeTarget "SPNewsAppUITests" */ = {
			isa = XCConfigurationList;
			buildConfigurations = (
				7890981E1E97F74C0032246F /* Debug */,
				7890981F1E97F74C0032246F /* Release */,
			);
			defaultConfigurationIsVisible = 0;
			defaultConfigurationName = Release;
		};
/* End XCConfigurationList section */
	};
	rootObject = 789097E71E97F74C0032246F /* Project object */;
}
